
Microsoft Visual Studio Solution File, Format Version 12.00
# Visual Studio 2013
VisualStudioVersion = 12.0.21005.1
MinimumVisualStudioVersion = 10.0.40219.1
Project("{FAE04EC0-301F-11D3-BF4B-00C04F79EFBC}") = "LFAConsoleApp", "LFAConsoleApp\LFAConsoleApp.csproj", "{DEEE32DF-284F-4DF1-93B0-B5B56E7D0C2A}"
EndProject
Project("{2150E333-8FDC-42A3-9474-1A3956D46DE8}") = "Shared Project", "Shared Project", "{1B4E8155-F169-405F-8B7C-0DB906D53CCB}"
EndProject
Project("{FAE04EC0-301F-11D3-BF4B-00C04F79EFBC}") = "LFA.Biz", "..\..\Shared Projects\LFA.Biz\LFA.Biz\LFA.Biz.csproj", "{D12B5EA7-86D4-4AD3-BE8C-A4888D4D2A89}"
EndProject
Project("{FAE04EC0-301F-11D3-BF4B-00C04F79EFBC}") = "LFA.Common", "..\..\Shared Projects\LFA.Common\LFA.Common\LFA.Common.csproj", "{BBF8B8FE-D16B-4B0E-8A1E-48BCD9715747}"
EndProject
Project("{FAE04EC0-301F-11D3-BF4B-00C04F79EFBC}") = "LFA.Data", "..\..\Shared Projects\LFA.Data\LFA.Data\LFA.Data.csproj", "{F4939EEE-C857-467C-856B-CDB8FB43E685}"
EndProject
Global
	GlobalSection(SolutionConfigurationPlatforms) = preSolution
		Debug|Any CPU = Debug|Any CPU
		Release|Any CPU = Release|Any CPU
	EndGlobalSection
	GlobalSection(ProjectConfigurationPlatforms) = postSolution
		{DEEE32DF-284F-4DF1-93B0-B5B56E7D0C2A}.Debug|Any CPU.ActiveCfg = Debug|Any CPU
		{DEEE32DF-284F-4DF1-93B0-B5B56E7D0C2A}.Debug|Any CPU.Build.0 = Debug|Any CPU
		{DEEE32DF-284F-4DF1-93B0-B5B56E7D0C2A}.Release|Any CPU.ActiveCfg = Release|Any CPU
		{DEEE32DF-284F-4DF1-93B0-B5B56E7D0C2A}.Release|Any CPU.Build.0 = Release|Any CPU
		{D12B5EA7-86D4-4AD3-BE8C-A4888D4D2A89}.Debug|Any CPU.ActiveCfg = Debug|Any CPU
		{D12B5EA7-86D4-4AD3-BE8C-A4888D4D2A89}.Debug|Any CPU.Build.0 = Debug|Any CPU
		{D12B5EA7-86D4-4AD3-BE8C-A4888D4D2A89}.Release|Any CPU.ActiveCfg = Release|Any CPU
		{D12B5EA7-86D4-4AD3-BE8C-A4888D4D2A89}.Release|Any CPU.Build.0 = Release|Any CPU
		{BBF8B8FE-D16B-4B0E-8A1E-48BCD9715747}.Debug|Any CPU.ActiveCfg = Debug|Any CPU
		{BBF8B8FE-D16B-4B0E-8A1E-48BCD9715747}.Debug|Any CPU.Build.0 = Debug|Any CPU
		{BBF8B8FE-D16B-4B0E-8A1E-48BCD9715747}.Release|Any CPU.ActiveCfg = Release|Any CPU
		{BBF8B8FE-D16B-4B0E-8A1E-48BCD9715747}.Release|Any CPU.Build.0 = Release|Any CPU
		{F4939EEE-C857-467C-856B-CDB8FB43E685}.Debug|Any CPU.ActiveCfg = Debug|Any CPU
		{F4939EEE-C857-467C-856B-CDB8FB43E685}.Debug|Any CPU.Build.0 = Debug|Any CPU
		{F4939EEE-C857-467C-856B-CDB8FB43E685}.Release|Any CPU.ActiveCfg = Release|Any CPU
		{F4939EEE-C857-467C-856B-CDB8FB43E685}.Release|Any CPU.Build.0 = Release|Any CPU
	EndGlobalSection
	GlobalSection(SolutionProperties) = preSolution
		HideSolutionNode = FALSE
	EndGlobalSection
	GlobalSection(NestedProjects) = preSolution
		{D12B5EA7-86D4-4AD3-BE8C-A4888D4D2A89} = {1B4E8155-F169-405F-8B7C-0DB906D53CCB}
		{BBF8B8FE-D16B-4B0E-8A1E-48BCD9715747} = {1B4E8155-F169-405F-8B7C-0DB906D53CCB}
		{F4939EEE-C857-467C-856B-CDB8FB43E685} = {1B4E8155-F169-405F-8B7C-0DB906D53CCB}
	EndGlobalSection
EndGlobal
